
Microsoft Visual Studio Solution File, Format Version 12.00
# Visual Studio Version 17
VisualStudioVersion = 17.11.35327.3
MinimumVisualStudioVersion = 10.0.40219.1
Project("{9A19103F-16F7-4668-BE54-9A1E7A4F7556}") = "LibraryApp", "LibraryApp.csproj", "{DBEEC017-4B0D-4085-A07F-27BD6BF3A4C3}"
EndProject
Project("{FAE04EC0-301F-11D3-BF4B-00C04F79EFBC}") = "ConcurrentDataApp", "..\ConcurrentDataApp\ConcurrentDataApp.csproj", "{AFCBCBFA-D339-497F-801D-F43068AB1757}"
EndProject
Global
	GlobalSection(SolutionConfigurationPlatforms) = preSolution
		Debug|Any CPU = Debug|Any CPU
		Release|Any CPU = Release|Any CPU
	EndGlobalSection
	GlobalSection(ProjectConfigurationPlatforms) = postSolution
		{DBEEC017-4B0D-4085-A07F-27BD6BF3A4C3}.Debug|Any CPU.ActiveCfg = Debug|Any CPU
		{DBEEC017-4B0D-4085-A07F-27BD6BF3A4C3}.Debug|Any CPU.Build.0 = Debug|Any CPU
		{DBEEC017-4B0D-4085-A07F-27BD6BF3A4C3}.Release|Any CPU.ActiveCfg = Release|Any CPU
		{DBEEC017-4B0D-4085-A07F-27BD6BF3A4C3}.Release|Any CPU.Build.0 = Release|Any CPU
		{AFCBCBFA-D339-497F-801D-F43068AB1757}.Debug|Any CPU.ActiveCfg = Debug|Any CPU
		{AFCBCBFA-D339-497F-801D-F43068AB1757}.Debug|Any CPU.Build.0 = Debug|Any CPU
		{AFCBCBFA-D339-497F-801D-F43068AB1757}.Release|Any CPU.ActiveCfg = Release|Any CPU
		{AFCBCBFA-D339-497F-801D-F43068AB1757}.Release|Any CPU.Build.0 = Release|Any CPU
	EndGlobalSection
	GlobalSection(SolutionProperties) = preSolution
		HideSolutionNode = FALSE
	EndGlobalSection
	GlobalSection(ExtensibilityGlobals) = postSolution
		SolutionGuid = {A068CA30-A0BF-4991-BC25-23C85E4D55B5}
	EndGlobalSection
EndGlobal
